
Microsoft Visual Studio Solution File, Format Version 12.00
# Visual Studio Version 17
VisualStudioVersion = 17.0.31903.59
MinimumVisualStudioVersion = 10.0.40219.1
Project("{FAE04EC0-301F-11D3-BF4B-00C04F79EFBC}") = "1", "1\1.csproj", "{B40746C6-B245-4366-8F95-752ADEE9CA45}"
EndProject
Project("{FAE04EC0-301F-11D3-BF4B-00C04F79EFBC}") = "2", "2\2.csproj", "{0658B8FB-94DE-416D-88FA-59CD1E4487F0}"
EndProject
Project("{FAE04EC0-301F-11D3-BF4B-00C04F79EFBC}") = "3", "3\3.csproj", "{28EBC592-06F9-410D-849F-BB36865DDE9F}"
EndProject
Project("{FAE04EC0-301F-11D3-BF4B-00C04F79EFBC}") = "5", "5\5.csproj", "{A4A9995F-8A4D-4C7C-8646-1A2D1087D133}"
EndProject
Project("{FAE04EC0-301F-11D3-BF4B-00C04F79EFBC}") = "6", "6\6.csproj", "{78A8268C-02A3-4395-8926-F2E892426996}"
EndProject
Project("{FAE04EC0-301F-11D3-BF4B-00C04F79EFBC}") = "7", "7\7.csproj", "{B95308DE-D938-45B0-9FFA-CA114C31CF2A}"
EndProject
Project("{FAE04EC0-301F-11D3-BF4B-00C04F79EFBC}") = "8", "8\8.csproj", "{B98002C2-0E23-4C6E-B4D7-62F179944C8F}"
EndProject
Project("{FAE04EC0-301F-11D3-BF4B-00C04F79EFBC}") = "9", "9\9.csproj", "{86BD74EF-2998-462D-9944-076BC17AD89F}"
EndProject
Project("{FAE04EC0-301F-11D3-BF4B-00C04F79EFBC}") = "10", "10\10.csproj", "{4437BF6E-68B6-45FE-AA81-9F27C1504A92}"
EndProject
Project("{FAE04EC0-301F-11D3-BF4B-00C04F79EFBC}") = "11", "11\11.csproj", "{487B096B-1DD0-4284-AB1E-7241B08B5A33}"
EndProject
Project("{FAE04EC0-301F-11D3-BF4B-00C04F79EFBC}") = "12", "12\12.csproj", "{EC2094E8-77CD-4586-ABC7-9EB71A10CFB4}"
EndProject
Project("{FAE04EC0-301F-11D3-BF4B-00C04F79EFBC}") = "13", "13\13.csproj", "{72C0C136-E68D-41A4-86B9-22074FC81858}"
EndProject
Project("{FAE04EC0-301F-11D3-BF4B-00C04F79EFBC}") = "14", "14\14.csproj", "{079DE146-ED74-4B4A-8949-40702667E8B0}"
EndProject
Project("{FAE04EC0-301F-11D3-BF4B-00C04F79EFBC}") = "15", "15\15.csproj", "{C8799B6B-5F6E-4134-B799-265D3A4AB5A7}"
EndProject
Project("{FAE04EC0-301F-11D3-BF4B-00C04F79EFBC}") = "16", "16\16.csproj", "{7D91744F-7E70-4A52-928B-010A80C887D1}"
EndProject
Project("{FAE04EC0-301F-11D3-BF4B-00C04F79EFBC}") = "17", "17\17.csproj", "{ACA5C010-B557-4CB4-8408-0B84213331FD}"
EndProject
Project("{FAE04EC0-301F-11D3-BF4B-00C04F79EFBC}") = "18", "18\18.csproj", "{E0689944-6EA5-4AAF-9740-52D0D323AFF2}"
EndProject
Project("{FAE04EC0-301F-11D3-BF4B-00C04F79EFBC}") = "19", "19\19.csproj", "{DFFDC354-60FA-4BBE-B0B5-5DAC02BB9630}"
EndProject
Project("{FAE04EC0-301F-11D3-BF4B-00C04F79EFBC}") = "20", "20\20.csproj", "{1EA6C6CB-F52B-4B81-B300-BA0906AF93D1}"
EndProject
Project("{FAE04EC0-301F-11D3-BF4B-00C04F79EFBC}") = "21", "21\21.csproj", "{52A305DE-98C2-4A06-A487-87F6690C4239}"
EndProject
Global
	GlobalSection(SolutionConfigurationPlatforms) = preSolution
		Debug|Any CPU = Debug|Any CPU
		Release|Any CPU = Release|Any CPU
	EndGlobalSection
	GlobalSection(SolutionProperties) = preSolution
		HideSolutionNode = FALSE
	EndGlobalSection
	GlobalSection(ProjectConfigurationPlatforms) = postSolution
		{B40746C6-B245-4366-8F95-752ADEE9CA45}.Debug|Any CPU.ActiveCfg = Debug|Any CPU
		{B40746C6-B245-4366-8F95-752ADEE9CA45}.Debug|Any CPU.Build.0 = Debug|Any CPU
		{B40746C6-B245-4366-8F95-752ADEE9CA45}.Release|Any CPU.ActiveCfg = Release|Any CPU
		{B40746C6-B245-4366-8F95-752ADEE9CA45}.Release|Any CPU.Build.0 = Release|Any CPU
		{0658B8FB-94DE-416D-88FA-59CD1E4487F0}.Debug|Any CPU.ActiveCfg = Debug|Any CPU
		{0658B8FB-94DE-416D-88FA-59CD1E4487F0}.Debug|Any CPU.Build.0 = Debug|Any CPU
		{0658B8FB-94DE-416D-88FA-59CD1E4487F0}.Release|Any CPU.ActiveCfg = Release|Any CPU
		{0658B8FB-94DE-416D-88FA-59CD1E4487F0}.Release|Any CPU.Build.0 = Release|Any CPU
		{28EBC592-06F9-410D-849F-BB36865DDE9F}.Debug|Any CPU.ActiveCfg = Debug|Any CPU
		{28EBC592-06F9-410D-849F-BB36865DDE9F}.Debug|Any CPU.Build.0 = Debug|Any CPU
		{28EBC592-06F9-410D-849F-BB36865DDE9F}.Release|Any CPU.ActiveCfg = Release|Any CPU
		{28EBC592-06F9-410D-849F-BB36865DDE9F}.Release|Any CPU.Build.0 = Release|Any CPU
		{A4A9995F-8A4D-4C7C-8646-1A2D1087D133}.Debug|Any CPU.ActiveCfg = Debug|Any CPU
		{A4A9995F-8A4D-4C7C-8646-1A2D1087D133}.Debug|Any CPU.Build.0 = Debug|Any CPU
		{A4A9995F-8A4D-4C7C-8646-1A2D1087D133}.Release|Any CPU.ActiveCfg = Release|Any CPU
		{A4A9995F-8A4D-4C7C-8646-1A2D1087D133}.Release|Any CPU.Build.0 = Release|Any CPU
		{78A8268C-02A3-4395-8926-F2E892426996}.Debug|Any CPU.ActiveCfg = Debug|Any CPU
		{78A8268C-02A3-4395-8926-F2E892426996}.Debug|Any CPU.Build.0 = Debug|Any CPU
		{78A8268C-02A3-4395-8926-F2E892426996}.Release|Any CPU.ActiveCfg = Release|Any CPU
		{78A8268C-02A3-4395-8926-F2E892426996}.Release|Any CPU.Build.0 = Release|Any CPU
		{B95308DE-D938-45B0-9FFA-CA114C31CF2A}.Debug|Any CPU.ActiveCfg = Debug|Any CPU
		{B95308DE-D938-45B0-9FFA-CA114C31CF2A}.Debug|Any CPU.Build.0 = Debug|Any CPU
		{B95308DE-D938-45B0-9FFA-CA114C31CF2A}.Release|Any CPU.ActiveCfg = Release|Any CPU
		{B95308DE-D938-45B0-9FFA-CA114C31CF2A}.Release|Any CPU.Build.0 = Release|Any CPU
		{B98002C2-0E23-4C6E-B4D7-62F179944C8F}.Debug|Any CPU.ActiveCfg = Debug|Any CPU
		{B98002C2-0E23-4C6E-B4D7-62F179944C8F}.Debug|Any CPU.Build.0 = Debug|Any CPU
		{B98002C2-0E23-4C6E-B4D7-62F179944C8F}.Release|Any CPU.ActiveCfg = Release|Any CPU
		{B98002C2-0E23-4C6E-B4D7-62F179944C8F}.Release|Any CPU.Build.0 = Release|Any CPU
		{86BD74EF-2998-462D-9944-076BC17AD89F}.Debug|Any CPU.ActiveCfg = Debug|Any CPU
		{86BD74EF-2998-462D-9944-076BC17AD89F}.Debug|Any CPU.Build.0 = Debug|Any CPU
		{86BD74EF-2998-462D-9944-076BC17AD89F}.Release|Any CPU.ActiveCfg = Release|Any CPU
		{86BD74EF-2998-462D-9944-076BC17AD89F}.Release|Any CPU.Build.0 = Release|Any CPU
		{4437BF6E-68B6-45FE-AA81-9F27C1504A92}.Debug|Any CPU.ActiveCfg = Debug|Any CPU
		{4437BF6E-68B6-45FE-AA81-9F27C1504A92}.Debug|Any CPU.Build.0 = Debug|Any CPU
		{4437BF6E-68B6-45FE-AA81-9F27C1504A92}.Release|Any CPU.ActiveCfg = Release|Any CPU
		{4437BF6E-68B6-45FE-AA81-9F27C1504A92}.Release|Any CPU.Build.0 = Release|Any CPU
		{487B096B-1DD0-4284-AB1E-7241B08B5A33}.Debug|Any CPU.ActiveCfg = Debug|Any CPU
		{487B096B-1DD0-4284-AB1E-7241B08B5A33}.Debug|Any CPU.Build.0 = Debug|Any CPU
		{487B096B-1DD0-4284-AB1E-7241B08B5A33}.Release|Any CPU.ActiveCfg = Release|Any CPU
		{487B096B-1DD0-4284-AB1E-7241B08B5A33}.Release|Any CPU.Build.0 = Release|Any CPU
		{EC2094E8-77CD-4586-ABC7-9EB71A10CFB4}.Debug|Any CPU.ActiveCfg = Debug|Any CPU
		{EC2094E8-77CD-4586-ABC7-9EB71A10CFB4}.Debug|Any CPU.Build.0 = Debug|Any CPU
		{EC2094E8-77CD-4586-ABC7-9EB71A10CFB4}.Release|Any CPU.ActiveCfg = Release|Any CPU
		{EC2094E8-77CD-4586-ABC7-9EB71A10CFB4}.Release|Any CPU.Build.0 = Release|Any CPU
		{72C0C136-E68D-41A4-86B9-22074FC81858}.Debug|Any CPU.ActiveCfg = Debug|Any CPU
		{72C0C136-E68D-41A4-86B9-22074FC81858}.Debug|Any CPU.Build.0 = Debug|Any CPU
		{72C0C136-E68D-41A4-86B9-22074FC81858}.Release|Any CPU.ActiveCfg = Release|Any CPU
		{72C0C136-E68D-41A4-86B9-22074FC81858}.Release|Any CPU.Build.0 = Release|Any CPU
		{079DE146-ED74-4B4A-8949-40702667E8B0}.Debug|Any CPU.ActiveCfg = Debug|Any CPU
		{079DE146-ED74-4B4A-8949-40702667E8B0}.Debug|Any CPU.Build.0 = Debug|Any CPU
		{079DE146-ED74-4B4A-8949-40702667E8B0}.Release|Any CPU.ActiveCfg = Release|Any CPU
		{079DE146-ED74-4B4A-8949-40702667E8B0}.Release|Any CPU.Build.0 = Release|Any CPU
		{C8799B6B-5F6E-4134-B799-265D3A4AB5A7}.Debug|Any CPU.ActiveCfg = Debug|Any CPU
		{C8799B6B-5F6E-4134-B799-265D3A4AB5A7}.Debug|Any CPU.Build.0 = Debug|Any CPU
		{C8799B6B-5F6E-4134-B799-265D3A4AB5A7}.Release|Any CPU.ActiveCfg = Release|Any CPU
		{C8799B6B-5F6E-4134-B799-265D3A4AB5A7}.Release|Any CPU.Build.0 = Release|Any CPU
		{7D91744F-7E70-4A52-928B-010A80C887D1}.Debug|Any CPU.ActiveCfg = Debug|Any CPU
		{7D91744F-7E70-4A52-928B-010A80C887D1}.Debug|Any CPU.Build.0 = Debug|Any CPU
		{7D91744F-7E70-4A52-928B-010A80C887D1}.Release|Any CPU.ActiveCfg = Release|Any CPU
		{7D91744F-7E70-4A52-928B-010A80C887D1}.Release|Any CPU.Build.0 = Release|Any CPU
		{ACA5C010-B557-4CB4-8408-0B84213331FD}.Debug|Any CPU.ActiveCfg = Debug|Any CPU
		{ACA5C010-B557-4CB4-8408-0B84213331FD}.Debug|Any CPU.Build.0 = Debug|Any CPU
		{ACA5C010-B557-4CB4-8408-0B84213331FD}.Release|Any CPU.ActiveCfg = Release|Any CPU
		{ACA5C010-B557-4CB4-8408-0B84213331FD}.Release|Any CPU.Build.0 = Release|Any CPU
		{E0689944-6EA5-4AAF-9740-52D0D323AFF2}.Debug|Any CPU.ActiveCfg = Debug|Any CPU
		{E0689944-6EA5-4AAF-9740-52D0D323AFF2}.Debug|Any CPU.Build.0 = Debug|Any CPU
		{E0689944-6EA5-4AAF-9740-52D0D323AFF2}.Release|Any CPU.ActiveCfg = Release|Any CPU
		{E0689944-6EA5-4AAF-9740-52D0D323AFF2}.Release|Any CPU.Build.0 = Release|Any CPU
		{DFFDC354-60FA-4BBE-B0B5-5DAC02BB9630}.Debug|Any CPU.ActiveCfg = Debug|Any CPU
		{DFFDC354-60FA-4BBE-B0B5-5DAC02BB9630}.Debug|Any CPU.Build.0 = Debug|Any CPU
		{DFFDC354-60FA-4BBE-B0B5-5DAC02BB9630}.Release|Any CPU.ActiveCfg = Release|Any CPU
		{DFFDC354-60FA-4BBE-B0B5-5DAC02BB9630}.Release|Any CPU.Build.0 = Release|Any CPU
		{1EA6C6CB-F52B-4B81-B300-BA0906AF93D1}.Debug|Any CPU.ActiveCfg = Debug|Any CPU
		{1EA6C6CB-F52B-4B81-B300-BA0906AF93D1}.Debug|Any CPU.Build.0 = Debug|Any CPU
		{1EA6C6CB-F52B-4B81-B300-BA0906AF93D1}.Release|Any CPU.ActiveCfg = Release|Any CPU
		{1EA6C6CB-F52B-4B81-B300-BA0906AF93D1}.Release|Any CPU.Build.0 = Release|Any CPU
		{52A305DE-98C2-4A06-A487-87F6690C4239}.Debug|Any CPU.ActiveCfg = Debug|Any CPU
		{52A305DE-98C2-4A06-A487-87F6690C4239}.Debug|Any CPU.Build.0 = Debug|Any CPU
		{52A305DE-98C2-4A06-A487-87F6690C4239}.Release|Any CPU.ActiveCfg = Release|Any CPU
		{52A305DE-98C2-4A06-A487-87F6690C4239}.Release|Any CPU.Build.0 = Release|Any CPU
	EndGlobalSection
EndGlobal
