
Microsoft Visual Studio Solution File, Format Version 12.00
# Visual Studio Version 17
VisualStudioVersion = 17.0.31903.59
MinimumVisualStudioVersion = 10.0.40219.1
Project("{FAE04EC0-301F-11D3-BF4B-00C04F79EFBC}") = "1", "1\1.csproj", "{6AE4A70A-2D5A-4E40-A1D9-B03CA29165C4}"
EndProject
Project("{FAE04EC0-301F-11D3-BF4B-00C04F79EFBC}") = "2", "2\2.csproj", "{3C09B65C-3C1E-4868-AAD4-2B78E3BA23FA}"
EndProject
Global
	GlobalSection(SolutionConfigurationPlatforms) = preSolution
		Debug|Any CPU = Debug|Any CPU
		Release|Any CPU = Release|Any CPU
	EndGlobalSection
	GlobalSection(SolutionProperties) = preSolution
		HideSolutionNode = FALSE
	EndGlobalSection
	GlobalSection(ProjectConfigurationPlatforms) = postSolution
		{6AE4A70A-2D5A-4E40-A1D9-B03CA29165C4}.Debug|Any CPU.ActiveCfg = Debug|Any CPU
		{6AE4A70A-2D5A-4E40-A1D9-B03CA29165C4}.Debug|Any CPU.Build.0 = Debug|Any CPU
		{6AE4A70A-2D5A-4E40-A1D9-B03CA29165C4}.Release|Any CPU.ActiveCfg = Release|Any CPU
		{6AE4A70A-2D5A-4E40-A1D9-B03CA29165C4}.Release|Any CPU.Build.0 = Release|Any CPU
		{3C09B65C-3C1E-4868-AAD4-2B78E3BA23FA}.Debug|Any CPU.ActiveCfg = Debug|Any CPU
		{3C09B65C-3C1E-4868-AAD4-2B78E3BA23FA}.Debug|Any CPU.Build.0 = Debug|Any CPU
		{3C09B65C-3C1E-4868-AAD4-2B78E3BA23FA}.Release|Any CPU.ActiveCfg = Release|Any CPU
		{3C09B65C-3C1E-4868-AAD4-2B78E3BA23FA}.Release|Any CPU.Build.0 = Release|Any CPU
	EndGlobalSection
EndGlobal
