
Microsoft Visual Studio Solution File, Format Version 12.00
# Visual Studio Version 17
VisualStudioVersion = 17.0.31903.59
MinimumVisualStudioVersion = 10.0.40219.1
Project("{FAE04EC0-301F-11D3-BF4B-00C04F79EFBC}") = "1", "1\1.csproj", "{C46E9AA7-0A68-4D61-890D-FEA2BF91FF7C}"
EndProject
Project("{FAE04EC0-301F-11D3-BF4B-00C04F79EFBC}") = "2", "2\2.csproj", "{73E61B56-D6EA-420D-AF74-5D9131126DA8}"
EndProject
Global
	GlobalSection(SolutionConfigurationPlatforms) = preSolution
		Debug|Any CPU = Debug|Any CPU
		Release|Any CPU = Release|Any CPU
	EndGlobalSection
	GlobalSection(SolutionProperties) = preSolution
		HideSolutionNode = FALSE
	EndGlobalSection
	GlobalSection(ProjectConfigurationPlatforms) = postSolution
		{C46E9AA7-0A68-4D61-890D-FEA2BF91FF7C}.Debug|Any CPU.ActiveCfg = Debug|Any CPU
		{C46E9AA7-0A68-4D61-890D-FEA2BF91FF7C}.Debug|Any CPU.Build.0 = Debug|Any CPU
		{C46E9AA7-0A68-4D61-890D-FEA2BF91FF7C}.Release|Any CPU.ActiveCfg = Release|Any CPU
		{C46E9AA7-0A68-4D61-890D-FEA2BF91FF7C}.Release|Any CPU.Build.0 = Release|Any CPU
		{73E61B56-D6EA-420D-AF74-5D9131126DA8}.Debug|Any CPU.ActiveCfg = Debug|Any CPU
		{73E61B56-D6EA-420D-AF74-5D9131126DA8}.Debug|Any CPU.Build.0 = Debug|Any CPU
		{73E61B56-D6EA-420D-AF74-5D9131126DA8}.Release|Any CPU.ActiveCfg = Release|Any CPU
		{73E61B56-D6EA-420D-AF74-5D9131126DA8}.Release|Any CPU.Build.0 = Release|Any CPU
	EndGlobalSection
EndGlobal
